{
  "name": "stella-mod-translations",
  "version": "1.0.0",
  "lockfileVersion": 3,
  "requires": true,
  "packages": {
    "": {
      "name": "stella-mod-translations",
      "version": "1.0.0",
      "license": "SEE LICENSE IN LICENSE",
      "dependencies": {
        "resx-cleanup": "^0.1.1"
      },
      "devDependencies": {
        "@eslint/js": "^10.0.1",
        "globals": "^17.4.0"
      }
    },
    "node_modules/@eslint/js": {
      "version": "10.0.1",
      "resolved": "https://registry.npmjs.org/@eslint/js/-/js-10.0.1.tgz",
      "integrity": "sha512-zeR9k5pd4gxjZ0abRoIaxdc7I3nDktoXZk2qOv9gCNWx3mVwEn32VRhyLaRsDiJjTs0xq/T8mfPtyuXu7GWBcA==",
      "dev": true,
      "license": "MIT",
      "engines": {
        "node": "^20.19.0 || ^22.13.0 || >=24"
      },
      "funding": {
        "url": "https://eslint.org/donate"
      },
      "peerDependencies": {
        "eslint": "^10.0.0"
      },
      "peerDependenciesMeta": {
        "eslint": {
          "optional": true
        }
      }
    },
    "node_modules/globals": {
      "version": "17.4.0",
      "resolved": "https://registry.npmjs.org/globals/-/globals-17.4.0.tgz",
      "integrity": "sha512-hjrNztw/VajQwOLsMNT1cbJiH2muO3OROCHnbehc8eY5JyD2gqz4AcMHPqgaOR59DjgUjYAYLeH699g/eWi2jw==",
      "dev": true,
      "license": "MIT",
      "engines": {
        "node": ">=18"
      },
      "funding": {
        "url": "https://github.com/sponsors/sindresorhus"
      }
    },
    "node_modules/resx-cleanup": {
      "version": "0.1.1",
      "resolved": "https://registry.npmjs.org/resx-cleanup/-/resx-cleanup-0.1.1.tgz",
      "integrity": "sha512-bq9VPmOoRnph3cbRdEZpTGgmhPKZ65CG2usGO5xQ4PyMylFiEB900t5VTWkFQW3TMm71BSP3iGjz+9gkYl89sQ==",
      "license": "MIT",
      "bin": {
        "resx-cleanup": "index.js",
        "resx-purge": "index.js"
      },
      "funding": {
        "type": "individual",
        "url": "https://sefinek.net/donate"
      }
    }
  }
}
